// !$*UTF8*$!
{
	archiveVersion = 1;
	classes = {
	};
	objectVersion = 51;
	objects = {

/* Begin PBXBuildFile section */
		2028A7955A7995CB48A0C38E /* Pods_Flow.framework in Frameworks */ = {isa = PBXBuildFile; fileRef = F6F2168ABA678F4E585938D5 /* Pods_Flow.framework */; };
		2F0DD38525B2928B00081A93 /* Animations.swift in Sources */ = {isa = PBXBuildFile; fileRef = 2F0DD38425B2928B00081A93 /* Animations.swift */; };
		2F0DD38825B33B9700081A93 /* AssortmentDetailsView.swift in Sources */ = {isa = PBXBuildFile; fileRef = 2F0DD38725B33B9700081A93 /* AssortmentDetailsView.swift */; };
		2F0F987225B780240023975A /* tv_retro.usdz in Resources */ = {isa = PBXBuildFile; fileRef = 2F0F987125B780230023975A /* tv_retro.usdz */; };
		2F1665FB25C75031009E242C /* AccoountCreationViewModel.swift in Sources */ = {isa = PBXBuildFile; fileRef = 2F1665FA25C75031009E242C /* AccoountCreationViewModel.swift */; };
		2F17C3D325BB3496004B7D1B /* ConfirmPage1View.swift in Sources */ = {isa = PBXBuildFile; fileRef = 2F17C3D225BB3496004B7D1B /* ConfirmPage1View.swift */; };
		2F17C3D625BB34A4004B7D1B /* ConfirmPage2View.swift in Sources */ = {isa = PBXBuildFile; fileRef = 2F17C3D525BB34A4004B7D1B /* ConfirmPage2View.swift */; };
		2F17C3DA25BB6B92004B7D1B /* ConfirmPage3View.swift in Sources */ = {isa = PBXBuildFile; fileRef = 2F17C3D925BB6B92004B7D1B /* ConfirmPage3View.swift */; };
		2F17C3E425BB855F004B7D1B /* PayWithAppleView.swift in Sources */ = {isa = PBXBuildFile; fileRef = 2F17C3E325BB855F004B7D1B /* PayWithAppleView.swift */; };
		2F18EB4625C4740000206355 /* StoreGridView.swift in Sources */ = {isa = PBXBuildFile; fileRef = 2F18EB4525C4740000206355 /* StoreGridView.swift */; };
		2F18EB4925C474DF00206355 /* FlowerDetail.swift in Sources */ = {isa = PBXBuildFile; fileRef = 2F18EB4825C474DF00206355 /* FlowerDetail.swift */; };
		2F18EB4D25C4A4C900206355 /* RegistrationView.swift in Sources */ = {isa = PBXBuildFile; fileRef = 2F18EB4C25C4A4C900206355 /* RegistrationView.swift */; };
		2F261D55259CF23200A2507D /* PurchaseView.swift in Sources */ = {isa = PBXBuildFile; fileRef = 2F261D54259CF23200A2507D /* PurchaseView.swift */; };
		2F261D58259CF8EB00A2507D /* ConstructorView.swift in Sources */ = {isa = PBXBuildFile; fileRef = 2F261D57259CF8EB00A2507D /* ConstructorView.swift */; };
		2F302C4225B9FDDC00530E19 /* AccountSettingsView.swift in Sources */ = {isa = PBXBuildFile; fileRef = 2F302C4125B9FDDC00530E19 /* AccountSettingsView.swift */; };
		2F310A2925DAAD660003BA90 /* StoresDetailView.swift in Sources */ = {isa = PBXBuildFile; fileRef = 2F310A2825DAAD660003BA90 /* StoresDetailView.swift */; };
		2F33A23925B4CFB5000E92E6 /* SceneKitView.swift in Sources */ = {isa = PBXBuildFile; fileRef = 2F33A23825B4CFB5000E92E6 /* SceneKitView.swift */; };
		2F40D17725DFBDDA00B5CA70 /* HideTabBar.swift in Sources */ = {isa = PBXBuildFile; fileRef = 2F40D17625DFBDDA00B5CA70 /* HideTabBar.swift */; };
		2F40D17B25E1C25E00B5CA70 /* ChatView.swift in Sources */ = {isa = PBXBuildFile; fileRef = 2F40D17A25E1C25E00B5CA70 /* ChatView.swift */; };
		2F40D1D625E3236500B5CA70 /* featuredMock.json in Resources */ = {isa = PBXBuildFile; fileRef = 2F40D1D525E3236500B5CA70 /* featuredMock.json */; };
		2F40D1D925E3237C00B5CA70 /* FeaturedMock.swift in Sources */ = {isa = PBXBuildFile; fileRef = 2F40D1D825E3237C00B5CA70 /* FeaturedMock.swift */; };
		2F40D1DE25E3281300B5CA70 /* MockTabView.swift in Sources */ = {isa = PBXBuildFile; fileRef = 2F40D1DD25E3281300B5CA70 /* MockTabView.swift */; };
		2F447FB3259D791400019EA6 /* ConfirmView.swift in Sources */ = {isa = PBXBuildFile; fileRef = 2F447FB2259D791400019EA6 /* ConfirmView.swift */; };
		2F45380125C4CC13001B57F4 /* GoogleService-Info.plist in Resources */ = {isa = PBXBuildFile; fileRef = 2F45380025C4CC13001B57F4 /* GoogleService-Info.plist */; };
		2F59065E25ABC66400686CFA /* StoreListData.swift in Sources */ = {isa = PBXBuildFile; fileRef = 2F59065D25ABC66300686CFA /* StoreListData.swift */; };
		2F5F452F25A33B78009B8A82 /* SettingsView.swift in Sources */ = {isa = PBXBuildFile; fileRef = 2F5F452E25A33B78009B8A82 /* SettingsView.swift */; };
		2F5F453225A33C19009B8A82 /* CustomSheetView.swift in Sources */ = {isa = PBXBuildFile; fileRef = 2F5F453125A33C19009B8A82 /* CustomSheetView.swift */; };
		2F5F453625A36CDE009B8A82 /* flowersList.json in Resources */ = {isa = PBXBuildFile; fileRef = 2F5F453525A36CDE009B8A82 /* flowersList.json */; };
		2F5F453A25A37364009B8A82 /* Data.swift in Sources */ = {isa = PBXBuildFile; fileRef = 2F5F453925A37363009B8A82 /* Data.swift */; };
		2F5F453E25A3783A009B8A82 /* FlowerListData.swift in Sources */ = {isa = PBXBuildFile; fileRef = 2F5F453D25A3783A009B8A82 /* FlowerListData.swift */; };
		2F5F454225A39C94009B8A82 /* LoginView.swift in Sources */ = {isa = PBXBuildFile; fileRef = 2F5F454125A39C94009B8A82 /* LoginView.swift */; };
		2F65C90725AC59E70009A74A /* StoreDetail.swift in Sources */ = {isa = PBXBuildFile; fileRef = 2F65C90625AC59E70009A74A /* StoreDetail.swift */; };
		2F69183225BA37EE00F700AD /* BlurView.swift in Sources */ = {isa = PBXBuildFile; fileRef = 2F69183125BA37EE00F700AD /* BlurView.swift */; };
		2F69183525BA537000F700AD /* IndicatorView.swift in Sources */ = {isa = PBXBuildFile; fileRef = 2F69183425BA537000F700AD /* IndicatorView.swift */; };
		2F73CD9F25AE8650008FB94F /* AcoountListData.swift in Sources */ = {isa = PBXBuildFile; fileRef = 2F73CD9E25AE8650008FB94F /* AcoountListData.swift */; };
		2F79519A25AB82E800517E73 /* AboutUsView.swift in Sources */ = {isa = PBXBuildFile; fileRef = 2F79519925AB82E700517E73 /* AboutUsView.swift */; };
		2F79519D25AB831E00517E73 /* PromoView.swift in Sources */ = {isa = PBXBuildFile; fileRef = 2F79519C25AB831E00517E73 /* PromoView.swift */; };
		2F7951A925AB865E00517E73 /* storesList.json in Resources */ = {isa = PBXBuildFile; fileRef = 2F7951A825AB865E00517E73 /* storesList.json */; };
		2F7951AC25AB88F600517E73 /* accountList.json in Resources */ = {isa = PBXBuildFile; fileRef = 2F7951AB25AB88F600517E73 /* accountList.json */; };
		2F89426325BDC795006DF9AB /* toy_car.usdz in Resources */ = {isa = PBXBuildFile; fileRef = 2F89426025BDC793006DF9AB /* toy_car.usdz */; };
		2F89426425BDC795006DF9AB /* toy_drummer.usdz in Resources */ = {isa = PBXBuildFile; fileRef = 2F89426125BDC794006DF9AB /* toy_drummer.usdz */; };
		2F89426525BDC795006DF9AB /* toy_biplane.usdz in Resources */ = {isa = PBXBuildFile; fileRef = 2F89426225BDC795006DF9AB /* toy_biplane.usdz */; };
		2F89426825BE1AC9006DF9AB /* ModelListData.swift in Sources */ = {isa = PBXBuildFile; fileRef = 2F89426725BE1AC9006DF9AB /* ModelListData.swift */; };
		2F89426B25BE1AE9006DF9AB /* modelList.json in Resources */ = {isa = PBXBuildFile; fileRef = 2F89426A25BE1AE9006DF9AB /* modelList.json */; };
		2F89427425BE3652006DF9AB /* flower_tulip.usdz in Resources */ = {isa = PBXBuildFile; fileRef = 2F89427325BE3651006DF9AB /* flower_tulip.usdz */; };
		2F8D2E4D25B1EF21006EB984 /* FeaturedTabView.swift in Sources */ = {isa = PBXBuildFile; fileRef = 2F8D2E4C25B1EF21006EB984 /* FeaturedTabView.swift */; };
		2F8D2E5125B1F0B8006EB984 /* NearlyStores.swift in Sources */ = {isa = PBXBuildFile; fileRef = 2F8D2E5025B1F0B8006EB984 /* NearlyStores.swift */; };
		2F8D2E5425B1F1CA006EB984 /* TopStoresTabView.swift in Sources */ = {isa = PBXBuildFile; fileRef = 2F8D2E5325B1F1CA006EB984 /* TopStoresTabView.swift */; };
		2F8D2E5725B1F482006EB984 /* RowContentView.swift in Sources */ = {isa = PBXBuildFile; fileRef = 2F8D2E5625B1F482006EB984 /* RowContentView.swift */; };
		2F8D2E5A25B21661006EB984 /* FavoritesView.swift in Sources */ = {isa = PBXBuildFile; fileRef = 2F8D2E5925B21661006EB984 /* FavoritesView.swift */; };
		2F8D2E5F25B22E4A006EB984 /* FavoritesFlowerTabView.swift in Sources */ = {isa = PBXBuildFile; fileRef = 2F8D2E5E25B22E4A006EB984 /* FavoritesFlowerTabView.swift */; };
		2F8D2E6325B235CF006EB984 /* FlowerGridView.swift in Sources */ = {isa = PBXBuildFile; fileRef = 2F8D2E6225B235CF006EB984 /* FlowerGridView.swift */; };
		2F95FA64259CB2D100985D53 /* FlowApp.swift in Sources */ = {isa = PBXBuildFile; fileRef = 2F95FA63259CB2D100985D53 /* FlowApp.swift */; };
		2F95FA66259CB2D100985D53 /* ContentView.swift in Sources */ = {isa = PBXBuildFile; fileRef = 2F95FA65259CB2D100985D53 /* ContentView.swift */; };
		2F95FA68259CB2D500985D53 /* Assets.xcassets in Resources */ = {isa = PBXBuildFile; fileRef = 2F95FA67259CB2D500985D53 /* Assets.xcassets */; };
		2F95FA6B259CB2D500985D53 /* Preview Assets.xcassets in Resources */ = {isa = PBXBuildFile; fileRef = 2F95FA6A259CB2D500985D53 /* Preview Assets.xcassets */; };
		2F95FA74259CBC4900985D53 /* FeaturedView.swift in Sources */ = {isa = PBXBuildFile; fileRef = 2F95FA73259CBC4900985D53 /* FeaturedView.swift */; };
		2F9A24C125A27E7C006E8F65 /* AccountView.swift in Sources */ = {isa = PBXBuildFile; fileRef = 2F9A24C025A27E7C006E8F65 /* AccountView.swift */; };
		2F9F2E6525B175CC001CF277 /* ChartView.swift in Sources */ = {isa = PBXBuildFile; fileRef = 2F9F2E6425B175CC001CF277 /* ChartView.swift */; };
		2F9F2E6825B17672001CF277 /* ChartData.swift in Sources */ = {isa = PBXBuildFile; fileRef = 2F9F2E6725B17672001CF277 /* ChartData.swift */; };
		2F9F2E6B25B176A5001CF277 /* chartData.json in Resources */ = {isa = PBXBuildFile; fileRef = 2F9F2E6A25B176A5001CF277 /* chartData.json */; };
		2FA16C6D25ADF9510006D27D /* CustomButtonsView.swift in Sources */ = {isa = PBXBuildFile; fileRef = 2FA16C6C25ADF9510006D27D /* CustomButtonsView.swift */; };
		2FA579D025B10475005F59DF /* SignInWithAppleView.swift in Sources */ = {isa = PBXBuildFile; fileRef = 2FA579CF25B10475005F59DF /* SignInWithAppleView.swift */; };
		2FA579D425B1051F005F59DF /* KeychainItem.swift in Sources */ = {isa = PBXBuildFile; fileRef = 2FA579D325B1051F005F59DF /* KeychainItem.swift */; };
		2FBE50B225ACB4DB005F5813 /* MapKit.framework in Frameworks */ = {isa = PBXBuildFile; fileRef = 2FBE50B125ACB4DB005F5813 /* MapKit.framework */; };
		2FCECA9A25C89326002B3FB2 /* Test.swift in Sources */ = {isa = PBXBuildFile; fileRef = 2FCECA9925C89326002B3FB2 /* Test.swift */; };
		2FD1772225BC671800F5D72B /* CreditCardView.swift in Sources */ = {isa = PBXBuildFile; fileRef = 2FD1772125BC671800F5D72B /* CreditCardView.swift */; };
		2FD1772625BCC04200F5D72B /* ReadyBouqetsView.swift in Sources */ = {isa = PBXBuildFile; fileRef = 2FD1772525BCC04200F5D72B /* ReadyBouqetsView.swift */; };
		2FE6F4C225DD13A4003250BD /* EmailAddView.swift in Sources */ = {isa = PBXBuildFile; fileRef = 2FE6F4C125DD13A4003250BD /* EmailAddView.swift */; };
		2FE6F4C625DD13B1003250BD /* EmailChangeView.swift in Sources */ = {isa = PBXBuildFile; fileRef = 2FE6F4C525DD13B1003250BD /* EmailChangeView.swift */; };
		2FE6F4CA25DD1A1B003250BD /* PasswordChangeView.swift in Sources */ = {isa = PBXBuildFile; fileRef = 2FE6F4C925DD1A1B003250BD /* PasswordChangeView.swift */; };
		2FE6F4CE25DD1A63003250BD /* HistoryView.swift in Sources */ = {isa = PBXBuildFile; fileRef = 2FE6F4CD25DD1A63003250BD /* HistoryView.swift */; };
		2FE6F4D225DD1C00003250BD /* PhoneChangeView.swift in Sources */ = {isa = PBXBuildFile; fileRef = 2FE6F4D125DD1C00003250BD /* PhoneChangeView.swift */; };
		2FE6F4D525DD29C5003250BD /* ImageLoader.swift in Sources */ = {isa = PBXBuildFile; fileRef = 2FE6F4D425DD29C5003250BD /* ImageLoader.swift */; };
		2FE6F4D925DD32E1003250BD /* CustomDelegate.swift in Sources */ = {isa = PBXBuildFile; fileRef = 2FE6F4D825DD32E1003250BD /* CustomDelegate.swift */; };
		2FE6F4DF25DD39B4003250BD /* ImagePickerView.swift in Sources */ = {isa = PBXBuildFile; fileRef = 2FE6F4DE25DD39B4003250BD /* ImagePickerView.swift */; };
		2FE6F4E625DD6459003250BD /* AfterLoginView.swift in Sources */ = {isa = PBXBuildFile; fileRef = 2FE6F4E525DD6459003250BD /* AfterLoginView.swift */; };
		2FE6F4E925DD6C15003250BD /* LocationDelegate.swift in Sources */ = {isa = PBXBuildFile; fileRef = 2FE6F4E825DD6C15003250BD /* LocationDelegate.swift */; };
		2FE6F4EC25DD6D2D003250BD /* KeyboardModification.swift in Sources */ = {isa = PBXBuildFile; fileRef = 2FE6F4EB25DD6D2D003250BD /* KeyboardModification.swift */; };
		2FE6F4EF25DD6D63003250BD /* VisualEffect.swift in Sources */ = {isa = PBXBuildFile; fileRef = 2FE6F4EE25DD6D63003250BD /* VisualEffect.swift */; };
		2FE6F4F525DD6F2F003250BD /* TestButtonView.swift in Sources */ = {isa = PBXBuildFile; fileRef = 2FE6F4F425DD6F2F003250BD /* TestButtonView.swift */; };
		2FEF6E5E25B649780063B6F2 /* wheelbarrow.usdz in Resources */ = {isa = PBXBuildFile; fileRef = 2FEF6E5D25B649780063B6F2 /* wheelbarrow.usdz */; };
		2FFFAF9D25D6B11700DA5299 /* Extentions.swift in Sources */ = {isa = PBXBuildFile; fileRef = 2FFFAF9C25D6B11700DA5299 /* Extentions.swift */; };
/* End PBXBuildFile section */

/* Begin PBXFileReference section */
		0F8ED5461DC660A742EA2544 /* Pods-Flow.release.xcconfig */ = {isa = PBXFileReference; includeInIndex = 1; lastKnownFileType = text.xcconfig; name = "Pods-Flow.release.xcconfig"; path = "Target Support Files/Pods-Flow/Pods-Flow.release.xcconfig"; sourceTree = "<group>"; };
		2F0DD38425B2928B00081A93 /* Animations.swift */ = {isa = PBXFileReference; lastKnownFileType = sourcecode.swift; path = Animations.swift; sourceTree = "<group>"; };
		2F0DD38725B33B9700081A93 /* AssortmentDetailsView.swift */ = {isa = PBXFileReference; lastKnownFileType = sourcecode.swift; path = AssortmentDetailsView.swift; sourceTree = "<group>"; };
		2F0F987125B780230023975A /* tv_retro.usdz */ = {isa = PBXFileReference; lastKnownFileType = file.usdz; path = tv_retro.usdz; sourceTree = "<group>"; };
		2F1665FA25C75031009E242C /* AccoountCreationViewModel.swift */ = {isa = PBXFileReference; lastKnownFileType = sourcecode.swift; path = AccoountCreationViewModel.swift; sourceTree = "<group>"; };
		2F17C3D225BB3496004B7D1B /* ConfirmPage1View.swift */ = {isa = PBXFileReference; lastKnownFileType = sourcecode.swift; path = ConfirmPage1View.swift; sourceTree = "<group>"; };
		2F17C3D525BB34A4004B7D1B /* ConfirmPage2View.swift */ = {isa = PBXFileReference; lastKnownFileType = sourcecode.swift; path = ConfirmPage2View.swift; sourceTree = "<group>"; };
		2F17C3D925BB6B92004B7D1B /* ConfirmPage3View.swift */ = {isa = PBXFileReference; lastKnownFileType = sourcecode.swift; path = ConfirmPage3View.swift; sourceTree = "<group>"; };
		2F17C3E325BB855F004B7D1B /* PayWithAppleView.swift */ = {isa = PBXFileReference; lastKnownFileType = sourcecode.swift; path = PayWithAppleView.swift; sourceTree = "<group>"; };
		2F18EB4525C4740000206355 /* StoreGridView.swift */ = {isa = PBXFileReference; lastKnownFileType = sourcecode.swift; path = StoreGridView.swift; sourceTree = "<group>"; };
		2F18EB4825C474DF00206355 /* FlowerDetail.swift */ = {isa = PBXFileReference; lastKnownFileType = sourcecode.swift; path = FlowerDetail.swift; sourceTree = "<group>"; };
		2F18EB4C25C4A4C900206355 /* RegistrationView.swift */ = {isa = PBXFileReference; lastKnownFileType = sourcecode.swift; path = RegistrationView.swift; sourceTree = "<group>"; };
		2F261D54259CF23200A2507D /* PurchaseView.swift */ = {isa = PBXFileReference; lastKnownFileType = sourcecode.swift; path = PurchaseView.swift; sourceTree = "<group>"; };
		2F261D57259CF8EB00A2507D /* ConstructorView.swift */ = {isa = PBXFileReference; lastKnownFileType = sourcecode.swift; path = ConstructorView.swift; sourceTree = "<group>"; };
		2F302C4125B9FDDC00530E19 /* AccountSettingsView.swift */ = {isa = PBXFileReference; lastKnownFileType = sourcecode.swift; path = AccountSettingsView.swift; sourceTree = "<group>"; };
		2F310A2825DAAD660003BA90 /* StoresDetailView.swift */ = {isa = PBXFileReference; lastKnownFileType = sourcecode.swift; path = StoresDetailView.swift; sourceTree = "<group>"; };
		2F33A23825B4CFB5000E92E6 /* SceneKitView.swift */ = {isa = PBXFileReference; lastKnownFileType = sourcecode.swift; path = SceneKitView.swift; sourceTree = "<group>"; };
		2F40D17625DFBDDA00B5CA70 /* HideTabBar.swift */ = {isa = PBXFileReference; lastKnownFileType = sourcecode.swift; path = HideTabBar.swift; sourceTree = "<group>"; };
		2F40D17A25E1C25E00B5CA70 /* ChatView.swift */ = {isa = PBXFileReference; lastKnownFileType = sourcecode.swift; path = ChatView.swift; sourceTree = "<group>"; };
		2F40D1D525E3236500B5CA70 /* featuredMock.json */ = {isa = PBXFileReference; lastKnownFileType = text.json; path = featuredMock.json; sourceTree = "<group>"; };
		2F40D1D825E3237C00B5CA70 /* FeaturedMock.swift */ = {isa = PBXFileReference; lastKnownFileType = sourcecode.swift; path = FeaturedMock.swift; sourceTree = "<group>"; };
		2F40D1DD25E3281300B5CA70 /* MockTabView.swift */ = {isa = PBXFileReference; lastKnownFileType = sourcecode.swift; path = MockTabView.swift; sourceTree = "<group>"; };
		2F447FB2259D791400019EA6 /* ConfirmView.swift */ = {isa = PBXFileReference; lastKnownFileType = sourcecode.swift; path = ConfirmView.swift; sourceTree = "<group>"; };
		2F45380025C4CC13001B57F4 /* GoogleService-Info.plist */ = {isa = PBXFileReference; fileEncoding = 4; lastKnownFileType = text.plist.xml; path = "GoogleService-Info.plist"; sourceTree = "<group>"; };
		2F59065D25ABC66300686CFA /* StoreListData.swift */ = {isa = PBXFileReference; lastKnownFileType = sourcecode.swift; path = StoreListData.swift; sourceTree = "<group>"; };
		2F5F452E25A33B78009B8A82 /* SettingsView.swift */ = {isa = PBXFileReference; lastKnownFileType = sourcecode.swift; path = SettingsView.swift; sourceTree = "<group>"; };
		2F5F453125A33C19009B8A82 /* CustomSheetView.swift */ = {isa = PBXFileReference; lastKnownFileType = sourcecode.swift; path = CustomSheetView.swift; sourceTree = "<group>"; };
		2F5F453525A36CDE009B8A82 /* flowersList.json */ = {isa = PBXFileReference; lastKnownFileType = text.json; path = flowersList.json; sourceTree = "<group>"; };
		2F5F453925A37363009B8A82 /* Data.swift */ = {isa = PBXFileReference; lastKnownFileType = sourcecode.swift; path = Data.swift; sourceTree = "<group>"; };
		2F5F453D25A3783A009B8A82 /* FlowerListData.swift */ = {isa = PBXFileReference; lastKnownFileType = sourcecode.swift; path = FlowerListData.swift; sourceTree = "<group>"; };
		2F5F454125A39C94009B8A82 /* LoginView.swift */ = {isa = PBXFileReference; lastKnownFileType = sourcecode.swift; path = LoginView.swift; sourceTree = "<group>"; };
		2F5F454525A39EF4009B8A82 /* Flow.entitlements */ = {isa = PBXFileReference; lastKnownFileType = text.plist.entitlements; path = Flow.entitlements; sourceTree = "<group>"; };
		2F65C90625AC59E70009A74A /* StoreDetail.swift */ = {isa = PBXFileReference; lastKnownFileType = sourcecode.swift; path = StoreDetail.swift; sourceTree = "<group>"; };
		2F69183125BA37EE00F700AD /* BlurView.swift */ = {isa = PBXFileReference; lastKnownFileType = sourcecode.swift; path = BlurView.swift; sourceTree = "<group>"; };
		2F69183425BA537000F700AD /* IndicatorView.swift */ = {isa = PBXFileReference; lastKnownFileType = sourcecode.swift; path = IndicatorView.swift; sourceTree = "<group>"; };
		2F73CD9E25AE8650008FB94F /* AcoountListData.swift */ = {isa = PBXFileReference; lastKnownFileType = sourcecode.swift; path = AcoountListData.swift; sourceTree = "<group>"; };
		2F79519925AB82E700517E73 /* AboutUsView.swift */ = {isa = PBXFileReference; lastKnownFileType = sourcecode.swift; path = AboutUsView.swift; sourceTree = "<group>"; };
		2F79519C25AB831E00517E73 /* PromoView.swift */ = {isa = PBXFileReference; lastKnownFileType = sourcecode.swift; path = PromoView.swift; sourceTree = "<group>"; };
		2F7951A825AB865E00517E73 /* storesList.json */ = {isa = PBXFileReference; lastKnownFileType = text.json; path = storesList.json; sourceTree = "<group>"; };
		2F7951AB25AB88F600517E73 /* accountList.json */ = {isa = PBXFileReference; lastKnownFileType = text.json; path = accountList.json; sourceTree = "<group>"; };
		2F89426025BDC793006DF9AB /* toy_car.usdz */ = {isa = PBXFileReference; lastKnownFileType = file.usdz; path = toy_car.usdz; sourceTree = "<group>"; };
		2F89426125BDC794006DF9AB /* toy_drummer.usdz */ = {isa = PBXFileReference; lastKnownFileType = file.usdz; path = toy_drummer.usdz; sourceTree = "<group>"; };
		2F89426225BDC795006DF9AB /* toy_biplane.usdz */ = {isa = PBXFileReference; lastKnownFileType = file.usdz; path = toy_biplane.usdz; sourceTree = "<group>"; };
		2F89426725BE1AC9006DF9AB /* ModelListData.swift */ = {isa = PBXFileReference; lastKnownFileType = sourcecode.swift; path = ModelListData.swift; sourceTree = "<group>"; };
		2F89426A25BE1AE9006DF9AB /* modelList.json */ = {isa = PBXFileReference; lastKnownFileType = text.json; path = modelList.json; sourceTree = "<group>"; };
		2F89427325BE3651006DF9AB /* flower_tulip.usdz */ = {isa = PBXFileReference; lastKnownFileType = file.usdz; path = flower_tulip.usdz; sourceTree = "<group>"; };
		2F8D2E4C25B1EF21006EB984 /* FeaturedTabView.swift */ = {isa = PBXFileReference; lastKnownFileType = sourcecode.swift; path = FeaturedTabView.swift; sourceTree = "<group>"; };
		2F8D2E5025B1F0B8006EB984 /* NearlyStores.swift */ = {isa = PBXFileReference; lastKnownFileType = sourcecode.swift; path = NearlyStores.swift; sourceTree = "<group>"; };
		2F8D2E5325B1F1CA006EB984 /* TopStoresTabView.swift */ = {isa = PBXFileReference; lastKnownFileType = sourcecode.swift; path = TopStoresTabView.swift; sourceTree = "<group>"; };
		2F8D2E5625B1F482006EB984 /* RowContentView.swift */ = {isa = PBXFileReference; lastKnownFileType = sourcecode.swift; path = RowContentView.swift; sourceTree = "<group>"; };
		2F8D2E5925B21661006EB984 /* FavoritesView.swift */ = {isa = PBXFileReference; lastKnownFileType = sourcecode.swift; path = FavoritesView.swift; sourceTree = "<group>"; };
		2F8D2E5E25B22E4A006EB984 /* FavoritesFlowerTabView.swift */ = {isa = PBXFileReference; lastKnownFileType = sourcecode.swift; path = FavoritesFlowerTabView.swift; sourceTree = "<group>"; };
		2F8D2E6225B235CF006EB984 /* FlowerGridView.swift */ = {isa = PBXFileReference; lastKnownFileType = sourcecode.swift; path = FlowerGridView.swift; sourceTree = "<group>"; };
		2F95FA60259CB2D100985D53 /* Flow.app */ = {isa = PBXFileReference; explicitFileType = wrapper.application; includeInIndex = 0; path = Flow.app; sourceTree = BUILT_PRODUCTS_DIR; };
		2F95FA63259CB2D100985D53 /* FlowApp.swift */ = {isa = PBXFileReference; lastKnownFileType = sourcecode.swift; path = FlowApp.swift; sourceTree = "<group>"; };
		2F95FA65259CB2D100985D53 /* ContentView.swift */ = {isa = PBXFileReference; lastKnownFileType = sourcecode.swift; path = ContentView.swift; sourceTree = "<group>"; };
		2F95FA67259CB2D500985D53 /* Assets.xcassets */ = {isa = PBXFileReference; lastKnownFileType = folder.assetcatalog; path = Assets.xcassets; sourceTree = "<group>"; };
		2F95FA6A259CB2D500985D53 /* Preview Assets.xcassets */ = {isa = PBXFileReference; lastKnownFileType = folder.assetcatalog; path = "Preview Assets.xcassets"; sourceTree = "<group>"; };
		2F95FA6C259CB2D500985D53 /* Info.plist */ = {isa = PBXFileReference; lastKnownFileType = text.plist.xml; path = Info.plist; sourceTree = "<group>"; };
		2F95FA73259CBC4900985D53 /* FeaturedView.swift */ = {isa = PBXFileReference; lastKnownFileType = sourcecode.swift; path = FeaturedView.swift; sourceTree = "<group>"; };
		2F9A24C025A27E7C006E8F65 /* AccountView.swift */ = {isa = PBXFileReference; lastKnownFileType = sourcecode.swift; path = AccountView.swift; sourceTree = "<group>"; };
		2F9F2E6425B175CC001CF277 /* ChartView.swift */ = {isa = PBXFileReference; lastKnownFileType = sourcecode.swift; path = ChartView.swift; sourceTree = "<group>"; };
		2F9F2E6725B17672001CF277 /* ChartData.swift */ = {isa = PBXFileReference; lastKnownFileType = sourcecode.swift; path = ChartData.swift; sourceTree = "<group>"; };
		2F9F2E6A25B176A5001CF277 /* chartData.json */ = {isa = PBXFileReference; lastKnownFileType = text.json; path = chartData.json; sourceTree = "<group>"; };
		2FA16C6C25ADF9510006D27D /* CustomButtonsView.swift */ = {isa = PBXFileReference; lastKnownFileType = sourcecode.swift; path = CustomButtonsView.swift; sourceTree = "<group>"; };
		2FA579CF25B10475005F59DF /* SignInWithAppleView.swift */ = {isa = PBXFileReference; lastKnownFileType = sourcecode.swift; path = SignInWithAppleView.swift; sourceTree = "<group>"; };
		2FA579D325B1051F005F59DF /* KeychainItem.swift */ = {isa = PBXFileReference; lastKnownFileType = sourcecode.swift; path = KeychainItem.swift; sourceTree = "<group>"; };
		2FBE50B125ACB4DB005F5813 /* MapKit.framework */ = {isa = PBXFileReference; lastKnownFileType = wrapper.framework; name = MapKit.framework; path = System/Library/Frameworks/MapKit.framework; sourceTree = SDKROOT; };
		2FCECA9925C89326002B3FB2 /* Test.swift */ = {isa = PBXFileReference; lastKnownFileType = sourcecode.swift; path = Test.swift; sourceTree = "<group>"; };
		2FD1772125BC671800F5D72B /* CreditCardView.swift */ = {isa = PBXFileReference; lastKnownFileType = sourcecode.swift; path = CreditCardView.swift; sourceTree = "<group>"; };
		2FD1772525BCC04200F5D72B /* ReadyBouqetsView.swift */ = {isa = PBXFileReference; lastKnownFileType = sourcecode.swift; path = ReadyBouqetsView.swift; sourceTree = "<group>"; };
		2FE6F4C125DD13A4003250BD /* EmailAddView.swift */ = {isa = PBXFileReference; lastKnownFileType = sourcecode.swift; path = EmailAddView.swift; sourceTree = "<group>"; };
		2FE6F4C525DD13B1003250BD /* EmailChangeView.swift */ = {isa = PBXFileReference; lastKnownFileType = sourcecode.swift; path = EmailChangeView.swift; sourceTree = "<group>"; };
		2FE6F4C925DD1A1B003250BD /* PasswordChangeView.swift */ = {isa = PBXFileReference; lastKnownFileType = sourcecode.swift; path = PasswordChangeView.swift; sourceTree = "<group>"; };
		2FE6F4CD25DD1A63003250BD /* HistoryView.swift */ = {isa = PBXFileReference; lastKnownFileType = sourcecode.swift; path = HistoryView.swift; sourceTree = "<group>"; };
		2FE6F4D125DD1C00003250BD /* PhoneChangeView.swift */ = {isa = PBXFileReference; lastKnownFileType = sourcecode.swift; path = PhoneChangeView.swift; sourceTree = "<group>"; };
		2FE6F4D425DD29C5003250BD /* ImageLoader.swift */ = {isa = PBXFileReference; lastKnownFileType = sourcecode.swift; path = ImageLoader.swift; sourceTree = "<group>"; };
		2FE6F4D825DD32E1003250BD /* CustomDelegate.swift */ = {isa = PBXFileReference; lastKnownFileType = sourcecode.swift; path = CustomDelegate.swift; sourceTree = "<group>"; };
		2FE6F4DE25DD39B4003250BD /* ImagePickerView.swift */ = {isa = PBXFileReference; lastKnownFileType = sourcecode.swift; path = ImagePickerView.swift; sourceTree = "<group>"; };
		2FE6F4E525DD6459003250BD /* AfterLoginView.swift */ = {isa = PBXFileReference; lastKnownFileType = sourcecode.swift; path = AfterLoginView.swift; sourceTree = "<group>"; };
		2FE6F4E825DD6C15003250BD /* LocationDelegate.swift */ = {isa = PBXFileReference; lastKnownFileType = sourcecode.swift; path = LocationDelegate.swift; sourceTree = "<group>"; };
		2FE6F4EB25DD6D2D003250BD /* KeyboardModification.swift */ = {isa = PBXFileReference; lastKnownFileType = sourcecode.swift; path = KeyboardModification.swift; sourceTree = "<group>"; };
		2FE6F4EE25DD6D63003250BD /* VisualEffect.swift */ = {isa = PBXFileReference; lastKnownFileType = sourcecode.swift; path = VisualEffect.swift; sourceTree = "<group>"; };
		2FE6F4F425DD6F2F003250BD /* TestButtonView.swift */ = {isa = PBXFileReference; lastKnownFileType = sourcecode.swift; path = TestButtonView.swift; sourceTree = "<group>"; };
		2FEF6E5D25B649780063B6F2 /* wheelbarrow.usdz */ = {isa = PBXFileReference; lastKnownFileType = file.usdz; path = wheelbarrow.usdz; sourceTree = "<group>"; };
		2FFFAF9C25D6B11700DA5299 /* Extentions.swift */ = {isa = PBXFileReference; lastKnownFileType = sourcecode.swift; path = Extentions.swift; sourceTree = "<group>"; };
		B3569919AA8F5CA820BD1F20 /* Pods-Flow.debug.xcconfig */ = {isa = PBXFileReference; includeInIndex = 1; lastKnownFileType = text.xcconfig; name = "Pods-Flow.debug.xcconfig"; path = "Target Support Files/Pods-Flow/Pods-Flow.debug.xcconfig"; sourceTree = "<group>"; };
		F6F2168ABA678F4E585938D5 /* Pods_Flow.framework */ = {isa = PBXFileReference; explicitFileType = wrapper.framework; includeInIndex = 0; path = Pods_Flow.framework; sourceTree = BUILT_PRODUCTS_DIR; };
/* End PBXFileReference section */

/* Begin PBXFrameworksBuildPhase section */
		2F95FA5D259CB2D100985D53 /* Frameworks */ = {
			isa = PBXFrameworksBuildPhase;
			buildActionMask = 2147483647;
			files = (
				2FBE50B225ACB4DB005F5813 /* MapKit.framework in Frameworks */,
				2028A7955A7995CB48A0C38E /* Pods_Flow.framework in Frameworks */,
			);
			runOnlyForDeploymentPostprocessing = 0;
		};
/* End PBXFrameworksBuildPhase section */

/* Begin PBXGroup section */
		2F0DD38325B2927900081A93 /* Animations */ = {
			isa = PBXGroup;
			children = (
				2F0DD38425B2928B00081A93 /* Animations.swift */,
			);
			path = Animations;
			sourceTree = "<group>";
		};
		2F18EB4B25C4A4B800206355 /* Registration */ = {
			isa = PBXGroup;
			children = (
				2F5F454125A39C94009B8A82 /* LoginView.swift */,
				2F18EB4C25C4A4C900206355 /* RegistrationView.swift */,
				2FA579CF25B10475005F59DF /* SignInWithAppleView.swift */,
				2FE6F4D125DD1C00003250BD /* PhoneChangeView.swift */,
				2FE6F4E525DD6459003250BD /* AfterLoginView.swift */,
			);
			path = Registration;
			sourceTree = "<group>";
		};
		2F22068925A8D2D700443CA6 /* Purchase */ = {
			isa = PBXGroup;
			children = (
				2F447FB2259D791400019EA6 /* ConfirmView.swift */,
				2F8D2E5625B1F482006EB984 /* RowContentView.swift */,
				2F17C3D225BB3496004B7D1B /* ConfirmPage1View.swift */,
				2F17C3D525BB34A4004B7D1B /* ConfirmPage2View.swift */,
				2F17C3D925BB6B92004B7D1B /* ConfirmPage3View.swift */,
			);
			path = Purchase;
			sourceTree = "<group>";
		};
		2F302C4025B9FDBB00530E19 /* AccountSettings */ = {
			isa = PBXGroup;
			children = (
				2FE6F4C825DD1A03003250BD /* Password */,
				2FE6F4C025DD137E003250BD /* Mail */,
				2F5F452E25A33B78009B8A82 /* SettingsView.swift */,
				2F302C4125B9FDDC00530E19 /* AccountSettingsView.swift */,
			);
			path = AccountSettings;
			sourceTree = "<group>";
		};
		2F40D17925E1C23F00B5CA70 /* Chat */ = {
			isa = PBXGroup;
			children = (
				2F40D17A25E1C25E00B5CA70 /* ChatView.swift */,
			);
			path = Chat;
			sourceTree = "<group>";
		};
		2F5F453425A36CBD009B8A82 /* Data */ = {
			isa = PBXGroup;
			children = (
				2F5F453925A37363009B8A82 /* Data.swift */,
				2F1665FA25C75031009E242C /* AccoountCreationViewModel.swift */,
				2F5F453D25A3783A009B8A82 /* FlowerListData.swift */,
				2F5F453525A36CDE009B8A82 /* flowersList.json */,
				2F59065D25ABC66300686CFA /* StoreListData.swift */,
				2F7951A825AB865E00517E73 /* storesList.json */,
				2F73CD9E25AE8650008FB94F /* AcoountListData.swift */,
				2F7951AB25AB88F600517E73 /* accountList.json */,
				2F9F2E6725B17672001CF277 /* ChartData.swift */,
				2F9F2E6A25B176A5001CF277 /* chartData.json */,
				2F89426725BE1AC9006DF9AB /* ModelListData.swift */,
				2F89426A25BE1AE9006DF9AB /* modelList.json */,
				2F40D1D825E3237C00B5CA70 /* FeaturedMock.swift */,
				2F40D1D525E3236500B5CA70 /* featuredMock.json */,
				2FA579D325B1051F005F59DF /* KeychainItem.swift */,
			);
			path = Data;
			sourceTree = "<group>";
		};
		2F5F455F25A8D099009B8A82 /* Account */ = {
			isa = PBXGroup;
			children = (
				2F18EB4B25C4A4B800206355 /* Registration */,
				2F302C4025B9FDBB00530E19 /* AccountSettings */,
				2F9A24C025A27E7C006E8F65 /* AccountView.swift */,
				2FE6F4CD25DD1A63003250BD /* HistoryView.swift */,
				2F79519925AB82E700517E73 /* AboutUsView.swift */,
				2F79519C25AB831E00517E73 /* PromoView.swift */,
			);
			path = Account;
			sourceTree = "<group>";
		};
		2F65C90525AC59CB0009A74A /* Details */ = {
			isa = PBXGroup;
			children = (
				2F65C90625AC59E70009A74A /* StoreDetail.swift */,
				2F18EB4825C474DF00206355 /* FlowerDetail.swift */,
				2F0DD38725B33B9700081A93 /* AssortmentDetailsView.swift */,
				2F310A2825DAAD660003BA90 /* StoresDetailView.swift */,
			);
			path = Details;
			sourceTree = "<group>";
		};
		2F8D2E5D25B22E29006EB984 /* Favorites */ = {
			isa = PBXGroup;
			children = (
				2F8D2E5E25B22E4A006EB984 /* FavoritesFlowerTabView.swift */,
				2F8D2E6225B235CF006EB984 /* FlowerGridView.swift */,
				2F18EB4525C4740000206355 /* StoreGridView.swift */,
			);
			path = Favorites;
			sourceTree = "<group>";
		};
		2F95FA57259CB2D100985D53 = {
			isa = PBXGroup;
			children = (
				2F95FA62259CB2D100985D53 /* Flow */,
				2F95FA61259CB2D100985D53 /* Products */,
				2FBE50B025ACB4DB005F5813 /* Frameworks */,
				F4302FF4153FCA9C9386A70B /* Pods */,
			);
			sourceTree = "<group>";
		};
		2F95FA61259CB2D100985D53 /* Products */ = {
			isa = PBXGroup;
			children = (
				2F95FA60259CB2D100985D53 /* Flow.app */,
			);
			name = Products;
			sourceTree = "<group>";
		};
		2F95FA62259CB2D100985D53 /* Flow */ = {
			isa = PBXGroup;
			children = (
				2F95FA63259CB2D100985D53 /* FlowApp.swift */,
				2F95FA65259CB2D100985D53 /* ContentView.swift */,
				2FE6F4F825DD70AD003250BD /* MainPages */,
				2F9F2E6325B175BA001CF277 /* Featured */,
				2FA53FE025A9D37600950D99 /* Constructor */,
				2F22068925A8D2D700443CA6 /* Purchase */,
				2F8D2E5D25B22E29006EB984 /* Favorites */,
				2F65C90525AC59CB0009A74A /* Details */,
				2F40D17925E1C23F00B5CA70 /* Chat */,
				2FE6F4F325DD6EF3003250BD /* Tests */,
				2F0DD38325B2927900081A93 /* Animations */,
				2FBE50B525ACF016005F5813 /* Helpers */,
				2F5F453425A36CBD009B8A82 /* Data */,
				2F95FA67259CB2D500985D53 /* Assets.xcassets */,
				2F95FA6C259CB2D500985D53 /* Info.plist */,
				2F45380025C4CC13001B57F4 /* GoogleService-Info.plist */,
				2F5F454525A39EF4009B8A82 /* Flow.entitlements */,
				2F95FA69259CB2D500985D53 /* Preview Content */,
			);
			path = Flow;
			sourceTree = "<group>";
		};
		2F95FA69259CB2D500985D53 /* Preview Content */ = {
			isa = PBXGroup;
			children = (
				2F95FA6A259CB2D500985D53 /* Preview Assets.xcassets */,
			);
			path = "Preview Content";
			sourceTree = "<group>";
		};
		2F9F2E6325B175BA001CF277 /* Featured */ = {
			isa = PBXGroup;
			children = (
				2F5F455F25A8D099009B8A82 /* Account */,
				2F9F2E6425B175CC001CF277 /* ChartView.swift */,
				2F8D2E4C25B1EF21006EB984 /* FeaturedTabView.swift */,
				2F8D2E5025B1F0B8006EB984 /* NearlyStores.swift */,
				2F8D2E5325B1F1CA006EB984 /* TopStoresTabView.swift */,
				2FD1772525BCC04200F5D72B /* ReadyBouqetsView.swift */,
				2F40D1DD25E3281300B5CA70 /* MockTabView.swift */,
			);
			path = Featured;
			sourceTree = "<group>";
		};
		2FA53FE025A9D37600950D99 /* Constructor */ = {
			isa = PBXGroup;
			children = (
				2FA53FE125A9D37D00950D99 /* Objects */,
				2F33A23825B4CFB5000E92E6 /* SceneKitView.swift */,
			);
			path = Constructor;
			sourceTree = "<group>";
		};
		2FA53FE125A9D37D00950D99 /* Objects */ = {
			isa = PBXGroup;
			children = (
				2F89427325BE3651006DF9AB /* flower_tulip.usdz */,
				2F0F987125B780230023975A /* tv_retro.usdz */,
				2FEF6E5D25B649780063B6F2 /* wheelbarrow.usdz */,
				2F89426225BDC795006DF9AB /* toy_biplane.usdz */,
				2F89426025BDC793006DF9AB /* toy_car.usdz */,
				2F89426125BDC794006DF9AB /* toy_drummer.usdz */,
			);
			path = Objects;
			sourceTree = "<group>";
		};
		2FBE50B025ACB4DB005F5813 /* Frameworks */ = {
			isa = PBXGroup;
			children = (
				2FBE50B125ACB4DB005F5813 /* MapKit.framework */,
				F6F2168ABA678F4E585938D5 /* Pods_Flow.framework */,
			);
			name = Frameworks;
			sourceTree = "<group>";
		};
		2FBE50B525ACF016005F5813 /* Helpers */ = {
			isa = PBXGroup;
			children = (
				2F5F453125A33C19009B8A82 /* CustomSheetView.swift */,
				2FA16C6C25ADF9510006D27D /* CustomButtonsView.swift */,
				2F69183125BA37EE00F700AD /* BlurView.swift */,
				2F17C3E325BB855F004B7D1B /* PayWithAppleView.swift */,
				2FD1772125BC671800F5D72B /* CreditCardView.swift */,
				2F69183425BA537000F700AD /* IndicatorView.swift */,
				2FFFAF9C25D6B11700DA5299 /* Extentions.swift */,
				2FE6F4D425DD29C5003250BD /* ImageLoader.swift */,
				2FE6F4D825DD32E1003250BD /* CustomDelegate.swift */,
				2FE6F4DE25DD39B4003250BD /* ImagePickerView.swift */,
				2FE6F4E825DD6C15003250BD /* LocationDelegate.swift */,
				2FE6F4EB25DD6D2D003250BD /* KeyboardModification.swift */,
				2FE6F4EE25DD6D63003250BD /* VisualEffect.swift */,
				2F40D17625DFBDDA00B5CA70 /* HideTabBar.swift */,
			);
			path = Helpers;
			sourceTree = "<group>";
		};
		2FE6F4C025DD137E003250BD /* Mail */ = {
			isa = PBXGroup;
			children = (
				2FE6F4C125DD13A4003250BD /* EmailAddView.swift */,
				2FE6F4C525DD13B1003250BD /* EmailChangeView.swift */,
			);
			path = Mail;
			sourceTree = "<group>";
		};
		2FE6F4C825DD1A03003250BD /* Password */ = {
			isa = PBXGroup;
			children = (
				2FE6F4C925DD1A1B003250BD /* PasswordChangeView.swift */,
			);
			path = Password;
			sourceTree = "<group>";
		};
		2FE6F4F325DD6EF3003250BD /* Tests */ = {
			isa = PBXGroup;
			children = (
				2FCECA9925C89326002B3FB2 /* Test.swift */,
				2FE6F4F425DD6F2F003250BD /* TestButtonView.swift */,
			);
			path = Tests;
			sourceTree = "<group>";
		};
		2FE6F4F825DD70AD003250BD /* MainPages */ = {
			isa = PBXGroup;
			children = (
				2F95FA73259CBC4900985D53 /* FeaturedView.swift */,
				2F261D57259CF8EB00A2507D /* ConstructorView.swift */,
				2F261D54259CF23200A2507D /* PurchaseView.swift */,
				2F8D2E5925B21661006EB984 /* FavoritesView.swift */,
			);
			path = MainPages;
			sourceTree = "<group>";
		};
		F4302FF4153FCA9C9386A70B /* Pods */ = {
			isa = PBXGroup;
			children = (
				B3569919AA8F5CA820BD1F20 /* Pods-Flow.debug.xcconfig */,
				0F8ED5461DC660A742EA2544 /* Pods-Flow.release.xcconfig */,
			);
			path = Pods;
			sourceTree = "<group>";
		};
/* End PBXGroup section */

/* Begin PBXNativeTarget section */
		2F95FA5F259CB2D100985D53 /* Flow */ = {
			isa = PBXNativeTarget;
			buildConfigurationList = 2F95FA6F259CB2D500985D53 /* Build configuration list for PBXNativeTarget "Flow" */;
			buildPhases = (
				E56CCEE4128F0DC6322BD3AF /* [CP] Check Pods Manifest.lock */,
				2F95FA5C259CB2D100985D53 /* Sources */,
				2F95FA5D259CB2D100985D53 /* Frameworks */,
				2F95FA5E259CB2D100985D53 /* Resources */,
				C13C81BDACDC5BF31FE9927B /* [CP] Embed Pods Frameworks */,
			);
			buildRules = (
			);
			dependencies = (
			);
			name = Flow;
			productName = Flow;
			productReference = 2F95FA60259CB2D100985D53 /* Flow.app */;
			productType = "com.apple.product-type.application";
		};
/* End PBXNativeTarget section */

/* Begin PBXProject section */
		2F95FA58259CB2D100985D53 /* Project object */ = {
			isa = PBXProject;
			attributes = {
				LastSwiftUpdateCheck = 1220;
				LastUpgradeCheck = 1220;
				TargetAttributes = {
					2F95FA5F259CB2D100985D53 = {
						CreatedOnToolsVersion = 12.2;
					};
				};
			};
			buildConfigurationList = 2F95FA5B259CB2D100985D53 /* Build configuration list for PBXProject "Flow" */;
			compatibilityVersion = "Xcode 9.3";
			developmentRegion = en;
			hasScannedForEncodings = 0;
			knownRegions = (
				en,
				Base,
			);
			mainGroup = 2F95FA57259CB2D100985D53;
			productRefGroup = 2F95FA61259CB2D100985D53 /* Products */;
			projectDirPath = "";
			projectRoot = "";
			targets = (
				2F95FA5F259CB2D100985D53 /* Flow */,
			);
		};
/* End PBXProject section */

/* Begin PBXResourcesBuildPhase section */
		2F95FA5E259CB2D100985D53 /* Resources */ = {
			isa = PBXResourcesBuildPhase;
			buildActionMask = 2147483647;
			files = (
				2F89426525BDC795006DF9AB /* toy_biplane.usdz in Resources */,
				2FEF6E5E25B649780063B6F2 /* wheelbarrow.usdz in Resources */,
				2F40D1D625E3236500B5CA70 /* featuredMock.json in Resources */,
				2F7951AC25AB88F600517E73 /* accountList.json in Resources */,
				2F5F453625A36CDE009B8A82 /* flowersList.json in Resources */,
				2F0F987225B780240023975A /* tv_retro.usdz in Resources */,
				2F7951A925AB865E00517E73 /* storesList.json in Resources */,
				2F89426B25BE1AE9006DF9AB /* modelList.json in Resources */,
				2F9F2E6B25B176A5001CF277 /* chartData.json in Resources */,
				2F95FA6B259CB2D500985D53 /* Preview Assets.xcassets in Resources */,
				2F95FA68259CB2D500985D53 /* Assets.xcassets in Resources */,
				2F89427425BE3652006DF9AB /* flower_tulip.usdz in Resources */,
				2F89426325BDC795006DF9AB /* toy_car.usdz in Resources */,
				2F89426425BDC795006DF9AB /* toy_drummer.usdz in Resources */,
				2F45380125C4CC13001B57F4 /* GoogleService-Info.plist in Resources */,
			);
			runOnlyForDeploymentPostprocessing = 0;
		};
/* End PBXResourcesBuildPhase section */

/* Begin PBXShellScriptBuildPhase section */
		C13C81BDACDC5BF31FE9927B /* [CP] Embed Pods Frameworks */ = {
			isa = PBXShellScriptBuildPhase;
			buildActionMask = 2147483647;
			files = (
			);
			inputFileListPaths = (
				"${PODS_ROOT}/Target Support Files/Pods-Flow/Pods-Flow-frameworks-${CONFIGURATION}-input-files.xcfilelist",
			);
			name = "[CP] Embed Pods Frameworks";
			outputFileListPaths = (
				"${PODS_ROOT}/Target Support Files/Pods-Flow/Pods-Flow-frameworks-${CONFIGURATION}-output-files.xcfilelist",
			);
			runOnlyForDeploymentPostprocessing = 0;
			shellPath = /bin/sh;
			shellScript = "\"${PODS_ROOT}/Target Support Files/Pods-Flow/Pods-Flow-frameworks.sh\"\n";
			showEnvVarsInLog = 0;
		};
		E56CCEE4128F0DC6322BD3AF /* [CP] Check Pods Manifest.lock */ = {
			isa = PBXShellScriptBuildPhase;
			buildActionMask = 2147483647;
			files = (
			);
			inputFileListPaths = (
			);
			inputPaths = (
				"${PODS_PODFILE_DIR_PATH}/Podfile.lock",
				"${PODS_ROOT}/Manifest.lock",
			);
			name = "[CP] Check Pods Manifest.lock";
			outputFileListPaths = (
			);
			outputPaths = (
				"$(DERIVED_FILE_DIR)/Pods-Flow-checkManifestLockResult.txt",
			);
			runOnlyForDeploymentPostprocessing = 0;
			shellPath = /bin/sh;
			shellScript = "diff \"${PODS_PODFILE_DIR_PATH}/Podfile.lock\" \"${PODS_ROOT}/Manifest.lock\" > /dev/null\nif [ $? != 0 ] ; then\n    # print error to STDERR\n    echo \"error: The sandbox is not in sync with the Podfile.lock. Run 'pod install' or update your CocoaPods installation.\" >&2\n    exit 1\nfi\n# This output is used by Xcode 'outputs' to avoid re-running this script phase.\necho \"SUCCESS\" > \"${SCRIPT_OUTPUT_FILE_0}\"\n";
			showEnvVarsInLog = 0;
		};
/* End PBXShellScriptBuildPhase section */

/* Begin PBXSourcesBuildPhase section */
		2F95FA5C259CB2D100985D53 /* Sources */ = {
			isa = PBXSourcesBuildPhase;
			buildActionMask = 2147483647;
			files = (
				2FE6F4EF25DD6D63003250BD /* VisualEffect.swift in Sources */,
				2F69183525BA537000F700AD /* IndicatorView.swift in Sources */,
				2F310A2925DAAD660003BA90 /* StoresDetailView.swift in Sources */,
				2FE6F4D525DD29C5003250BD /* ImageLoader.swift in Sources */,
				2F40D17B25E1C25E00B5CA70 /* ChatView.swift in Sources */,
				2FE6F4CE25DD1A63003250BD /* HistoryView.swift in Sources */,
				2FE6F4DF25DD39B4003250BD /* ImagePickerView.swift in Sources */,
				2F59065E25ABC66400686CFA /* StoreListData.swift in Sources */,
				2F261D55259CF23200A2507D /* PurchaseView.swift in Sources */,
				2F69183225BA37EE00F700AD /* BlurView.swift in Sources */,
				2F95FA66259CB2D100985D53 /* ContentView.swift in Sources */,
				2FE6F4E625DD6459003250BD /* AfterLoginView.swift in Sources */,
				2F5F454225A39C94009B8A82 /* LoginView.swift in Sources */,
				2F1665FB25C75031009E242C /* AccoountCreationViewModel.swift in Sources */,
				2F8D2E5125B1F0B8006EB984 /* NearlyStores.swift in Sources */,
				2F5F452F25A33B78009B8A82 /* SettingsView.swift in Sources */,
				2F18EB4D25C4A4C900206355 /* RegistrationView.swift in Sources */,
				2FD1772225BC671800F5D72B /* CreditCardView.swift in Sources */,
				2FE6F4CA25DD1A1B003250BD /* PasswordChangeView.swift in Sources */,
				2FE6F4F525DD6F2F003250BD /* TestButtonView.swift in Sources */,
				2F5F453A25A37364009B8A82 /* Data.swift in Sources */,
				2FE6F4D925DD32E1003250BD /* CustomDelegate.swift in Sources */,
				2F40D1D925E3237C00B5CA70 /* FeaturedMock.swift in Sources */,
				2F33A23925B4CFB5000E92E6 /* SceneKitView.swift in Sources */,
				2FA579D025B10475005F59DF /* SignInWithAppleView.swift in Sources */,
				2F8D2E5425B1F1CA006EB984 /* TopStoresTabView.swift in Sources */,
				2F79519D25AB831E00517E73 /* PromoView.swift in Sources */,
				2F302C4225B9FDDC00530E19 /* AccountSettingsView.swift in Sources */,
				2F73CD9F25AE8650008FB94F /* AcoountListData.swift in Sources */,
				2F79519A25AB82E800517E73 /* AboutUsView.swift in Sources */,
				2F447FB3259D791400019EA6 /* ConfirmView.swift in Sources */,
				2F9A24C125A27E7C006E8F65 /* AccountView.swift in Sources */,
				2F261D58259CF8EB00A2507D /* ConstructorView.swift in Sources */,
				2FA579D425B1051F005F59DF /* KeychainItem.swift in Sources */,
				2FE6F4C225DD13A4003250BD /* EmailAddView.swift in Sources */,
				2F5F453E25A3783A009B8A82 /* FlowerListData.swift in Sources */,
				2FFFAF9D25D6B11700DA5299 /* Extentions.swift in Sources */,
				2F5F453225A33C19009B8A82 /* CustomSheetView.swift in Sources */,
				2F17C3D625BB34A4004B7D1B /* ConfirmPage2View.swift in Sources */,
				2F17C3E425BB855F004B7D1B /* PayWithAppleView.swift in Sources */,
				2F0DD38525B2928B00081A93 /* Animations.swift in Sources */,
				2FE6F4C625DD13B1003250BD /* EmailChangeView.swift in Sources */,
				2F0DD38825B33B9700081A93 /* AssortmentDetailsView.swift in Sources */,
				2F8D2E5A25B21661006EB984 /* FavoritesView.swift in Sources */,
				2F8D2E5F25B22E4A006EB984 /* FavoritesFlowerTabView.swift in Sources */,
				2F18EB4925C474DF00206355 /* FlowerDetail.swift in Sources */,
				2FE6F4EC25DD6D2D003250BD /* KeyboardModification.swift in Sources */,
				2F8D2E4D25B1EF21006EB984 /* FeaturedTabView.swift in Sources */,
				2F8D2E5725B1F482006EB984 /* RowContentView.swift in Sources */,
				2FE6F4D225DD1C00003250BD /* PhoneChangeView.swift in Sources */,
				2F65C90725AC59E70009A74A /* StoreDetail.swift in Sources */,
				2FA16C6D25ADF9510006D27D /* CustomButtonsView.swift in Sources */,
				2F17C3DA25BB6B92004B7D1B /* ConfirmPage3View.swift in Sources */,
				2F40D17725DFBDDA00B5CA70 /* HideTabBar.swift in Sources */,
				2F95FA74259CBC4900985D53 /* FeaturedView.swift in Sources */,
				2FE6F4E925DD6C15003250BD /* LocationDelegate.swift in Sources */,
				2F40D1DE25E3281300B5CA70 /* MockTabView.swift in Sources */,
				2F9F2E6825B17672001CF277 /* ChartData.swift in Sources */,
				2F17C3D325BB3496004B7D1B /* ConfirmPage1View.swift in Sources */,
				2F89426825BE1AC9006DF9AB /* ModelListData.swift in Sources */,
				2F95FA64259CB2D100985D53 /* FlowApp.swift in Sources */,
				2FCECA9A25C89326002B3FB2 /* Test.swift in Sources */,
				2FD1772625BCC04200F5D72B /* ReadyBouqetsView.swift in Sources */,
				2F18EB4625C4740000206355 /* StoreGridView.swift in Sources */,
				2F9F2E6525B175CC001CF277 /* ChartView.swift in Sources */,
				2F8D2E6325B235CF006EB984 /* FlowerGridView.swift in Sources */,
			);
			runOnlyForDeploymentPostprocessing = 0;
		};
/* End PBXSourcesBuildPhase section */

/* Begin XCBuildConfiguration section */
		2F95FA6D259CB2D500985D53 /* Debug */ = {
			isa = XCBuildConfiguration;
			buildSettings = {
				ALWAYS_SEARCH_USER_PATHS = NO;
				CLANG_ANALYZER_NONNULL = YES;
				CLANG_ANALYZER_NUMBER_OBJECT_CONVERSION = YES_AGGRESSIVE;
				CLANG_CXX_LANGUAGE_STANDARD = "gnu++14";
				CLANG_CXX_LIBRARY = "libc++";
				CLANG_ENABLE_MODULES = YES;
				CLANG_ENABLE_OBJC_ARC = YES;
				CLANG_ENABLE_OBJC_WEAK = YES;
				CLANG_WARN_BLOCK_CAPTURE_AUTORELEASING = YES;
				CLANG_WARN_BOOL_CONVERSION = YES;
				CLANG_WARN_COMMA = YES;
				CLANG_WARN_CONSTANT_CONVERSION = YES;
				CLANG_WARN_DEPRECATED_OBJC_IMPLEMENTATIONS = YES;
				CLANG_WARN_DIRECT_OBJC_ISA_USAGE = YES_ERROR;
				CLANG_WARN_DOCUMENTATION_COMMENTS = YES;
				CLANG_WARN_EMPTY_BODY = YES;
				CLANG_WARN_ENUM_CONVERSION = YES;
				CLANG_WARN_INFINITE_RECURSION = YES;
				CLANG_WARN_INT_CONVERSION = YES;
				CLANG_WARN_NON_LITERAL_NULL_CONVERSION = YES;
				CLANG_WARN_OBJC_IMPLICIT_RETAIN_SELF = YES;
				CLANG_WARN_OBJC_LITERAL_CONVERSION = YES;
				CLANG_WARN_OBJC_ROOT_CLASS = YES_ERROR;
				CLANG_WARN_QUOTED_INCLUDE_IN_FRAMEWORK_HEADER = YES;
				CLANG_WARN_RANGE_LOOP_ANALYSIS = YES;
				CLANG_WARN_STRICT_PROTOTYPES = YES;
				CLANG_WARN_SUSPICIOUS_MOVE = YES;
				CLANG_WARN_UNGUARDED_AVAILABILITY = YES_AGGRESSIVE;
				CLANG_WARN_UNREACHABLE_CODE = YES;
				CLANG_WARN__DUPLICATE_METHOD_MATCH = YES;
				COPY_PHASE_STRIP = NO;
				DEBUG_INFORMATION_FORMAT = dwarf;
				ENABLE_STRICT_OBJC_MSGSEND = YES;
				ENABLE_TESTABILITY = YES;
				GCC_C_LANGUAGE_STANDARD = gnu11;
				GCC_DYNAMIC_NO_PIC = NO;
				GCC_NO_COMMON_BLOCKS = YES;
				GCC_OPTIMIZATION_LEVEL = 0;
				GCC_PREPROCESSOR_DEFINITIONS = (
					"DEBUG=1",
					"$(inherited)",
				);
				GCC_WARN_64_TO_32_BIT_CONVERSION = YES;
				GCC_WARN_ABOUT_RETURN_TYPE = YES_ERROR;
				GCC_WARN_UNDECLARED_SELECTOR = YES;
				GCC_WARN_UNINITIALIZED_AUTOS = YES_AGGRESSIVE;
				GCC_WARN_UNUSED_FUNCTION = YES;
				GCC_WARN_UNUSED_VARIABLE = YES;
				IPHONEOS_DEPLOYMENT_TARGET = 12.0;
				MTL_ENABLE_DEBUG_INFO = INCLUDE_SOURCE;
				MTL_FAST_MATH = YES;
				ONLY_ACTIVE_ARCH = YES;
				SDKROOT = iphoneos;
				SWIFT_ACTIVE_COMPILATION_CONDITIONS = DEBUG;
				SWIFT_OPTIMIZATION_LEVEL = "-Onone";
			};
			name = Debug;
		};
		2F95FA6E259CB2D500985D53 /* Release */ = {
			isa = XCBuildConfiguration;
			buildSettings = {
				ALWAYS_SEARCH_USER_PATHS = NO;
				CLANG_ANALYZER_NONNULL = YES;
				CLANG_ANALYZER_NUMBER_OBJECT_CONVERSION = YES_AGGRESSIVE;
				CLANG_CXX_LANGUAGE_STANDARD = "gnu++14";
				CLANG_CXX_LIBRARY = "libc++";
				CLANG_ENABLE_MODULES = YES;
				CLANG_ENABLE_OBJC_ARC = YES;
				CLANG_ENABLE_OBJC_WEAK = YES;
				CLANG_WARN_BLOCK_CAPTURE_AUTORELEASING = YES;
				CLANG_WARN_BOOL_CONVERSION = YES;
				CLANG_WARN_COMMA = YES;
				CLANG_WARN_CONSTANT_CONVERSION = YES;
				CLANG_WARN_DEPRECATED_OBJC_IMPLEMENTATIONS = YES;
				CLANG_WARN_DIRECT_OBJC_ISA_USAGE = YES_ERROR;
				CLANG_WARN_DOCUMENTATION_COMMENTS = YES;
				CLANG_WARN_EMPTY_BODY = YES;
				CLANG_WARN_ENUM_CONVERSION = YES;
				CLANG_WARN_INFINITE_RECURSION = YES;
				CLANG_WARN_INT_CONVERSION = YES;
				CLANG_WARN_NON_LITERAL_NULL_CONVERSION = YES;
				CLANG_WARN_OBJC_IMPLICIT_RETAIN_SELF = YES;
				CLANG_WARN_OBJC_LITERAL_CONVERSION = YES;
				CLANG_WARN_OBJC_ROOT_CLASS = YES_ERROR;
				CLANG_WARN_QUOTED_INCLUDE_IN_FRAMEWORK_HEADER = YES;
				CLANG_WARN_RANGE_LOOP_ANALYSIS = YES;
				CLANG_WARN_STRICT_PROTOTYPES = YES;
				CLANG_WARN_SUSPICIOUS_MOVE = YES;
				CLANG_WARN_UNGUARDED_AVAILABILITY = YES_AGGRESSIVE;
				CLANG_WARN_UNREACHABLE_CODE = YES;
				CLANG_WARN__DUPLICATE_METHOD_MATCH = YES;
				COPY_PHASE_STRIP = NO;
				DEBUG_INFORMATION_FORMAT = "dwarf-with-dsym";
				ENABLE_NS_ASSERTIONS = NO;
				ENABLE_STRICT_OBJC_MSGSEND = YES;
				GCC_C_LANGUAGE_STANDARD = gnu11;
				GCC_NO_COMMON_BLOCKS = YES;
				GCC_WARN_64_TO_32_BIT_CONVERSION = YES;
				GCC_WARN_ABOUT_RETURN_TYPE = YES_ERROR;
				GCC_WARN_UNDECLARED_SELECTOR = YES;
				GCC_WARN_UNINITIALIZED_AUTOS = YES_AGGRESSIVE;
				GCC_WARN_UNUSED_FUNCTION = YES;
				GCC_WARN_UNUSED_VARIABLE = YES;
				IPHONEOS_DEPLOYMENT_TARGET = 12.0;
				MTL_ENABLE_DEBUG_INFO = NO;
				MTL_FAST_MATH = YES;
				SDKROOT = iphoneos;
				SWIFT_COMPILATION_MODE = wholemodule;
				SWIFT_OPTIMIZATION_LEVEL = "-O";
				VALIDATE_PRODUCT = YES;
			};
			name = Release;
		};
		2F95FA70259CB2D500985D53 /* Debug */ = {
			isa = XCBuildConfiguration;
			baseConfigurationReference = B3569919AA8F5CA820BD1F20 /* Pods-Flow.debug.xcconfig */;
			buildSettings = {
				ASSETCATALOG_COMPILER_APPICON_NAME = AppIcon;
				ASSETCATALOG_COMPILER_GLOBAL_ACCENT_COLOR_NAME = AccentColor;
				CODE_SIGN_ENTITLEMENTS = Flow/Flow.entitlements;
				CODE_SIGN_IDENTITY = "Apple Development";
				CODE_SIGN_STYLE = Automatic;
				CURRENT_PROJECT_VERSION = 2.821.33;
				DEVELOPMENT_ASSET_PATHS = "\"Flow/Preview Content\"";
				DEVELOPMENT_TEAM = JN3FPZVX7E;
				ENABLE_PREVIEWS = YES;
				INFOPLIST_FILE = Flow/Info.plist;
				IPHONEOS_DEPLOYMENT_TARGET = 14.0;
				LD_RUNPATH_SEARCH_PATHS = (
					"$(inherited)",
					"@executable_path/Frameworks",
				);
				MARKETING_VERSION = 2.0;
				PRODUCT_BUNDLE_IDENTIFIER = "Vlad-Novol.Flow";
				PRODUCT_NAME = "$(TARGET_NAME)";
				PROVISIONING_PROFILE_SPECIFIER = "";
				SWIFT_VERSION = 5.0;
				TARGETED_DEVICE_FAMILY = 1;
			};
			name = Debug;
		};
		2F95FA71259CB2D500985D53 /* Release */ = {
			isa = XCBuildConfiguration;
			baseConfigurationReference = 0F8ED5461DC660A742EA2544 /* Pods-Flow.release.xcconfig */;
			buildSettings = {
				ASSETCATALOG_COMPILER_APPICON_NAME = AppIcon;
				ASSETCATALOG_COMPILER_GLOBAL_ACCENT_COLOR_NAME = AccentColor;
				CODE_SIGN_ENTITLEMENTS = Flow/Flow.entitlements;
				CODE_SIGN_IDENTITY = "Apple Development";
				CODE_SIGN_STYLE = Automatic;
				CURRENT_PROJECT_VERSION = 2.821.33;
				DEVELOPMENT_ASSET_PATHS = "\"Flow/Preview Content\"";
				DEVELOPMENT_TEAM = JN3FPZVX7E;
				ENABLE_PREVIEWS = YES;
				INFOPLIST_FILE = Flow/Info.plist;
				IPHONEOS_DEPLOYMENT_TARGET = 14.0;
				LD_RUNPATH_SEARCH_PATHS = (
					"$(inherited)",
					"@executable_path/Frameworks",
				);
				MARKETING_VERSION = 2.0;
				PRODUCT_BUNDLE_IDENTIFIER = "Vlad-Novol.Flow";
				PRODUCT_NAME = "$(TARGET_NAME)";
				PROVISIONING_PROFILE_SPECIFIER = "";
				SWIFT_VERSION = 5.0;
				TARGETED_DEVICE_FAMILY = 1;
			};
			name = Release;
		};
/* End XCBuildConfiguration section */

/* Begin XCConfigurationList section */
		2F95FA5B259CB2D100985D53 /* Build configuration list for PBXProject "Flow" */ = {
			isa = XCConfigurationList;
			buildConfigurations = (
				2F95FA6D259CB2D500985D53 /* Debug */,
				2F95FA6E259CB2D500985D53 /* Release */,
			);
			defaultConfigurationIsVisible = 0;
			defaultConfigurationName = Release;
		};
		2F95FA6F259CB2D500985D53 /* Build configuration list for PBXNativeTarget "Flow" */ = {
			isa = XCConfigurationList;
			buildConfigurations = (
				2F95FA70259CB2D500985D53 /* Debug */,
				2F95FA71259CB2D500985D53 /* Release */,
			);
			defaultConfigurationIsVisible = 0;
			defaultConfigurationName = Release;
		};
/* End XCConfigurationList section */
	};
	rootObject = 2F95FA58259CB2D100985D53 /* Project object */;
}
